
Microsoft Visual Studio Solution File, Format Version 12.00
# Visual Studio Version 17
VisualStudioVersion = 17.7.34031.279
MinimumVisualStudioVersion = 10.0.40219.1
Project("{9A19103F-16F7-4668-BE54-9A1E7A4F7556}") = "talentX.WebScrapper.LayOff.Api", "talentX.WebScrapper.LayOff.Api\talentX.WebScrapper.LayOff.Api.csproj", "{93E4D6F0-4B3F-4835-AA12-1FE3826E6CD0}"
EndProject
Project("{FAE04EC0-301F-11D3-BF4B-00C04F79EFBC}") = "talentX.WebScrapper.LayOff.Entities", "talentX.WebScrapper.LayOff.Entities\talentX.WebScrapper.LayOff.Entities.csproj", "{84C0696E-3670-49E7-9BB8-7C4F5E0990A0}"
EndProject
Project("{FAE04EC0-301F-11D3-BF4B-00C04F79EFBC}") = "talentX.WebScrapper.LayOff.Repositories", "talentX.WebScrapper.LayOff.Repositories\talentX.WebScrapper.LayOff.Repositories.csproj", "{66496B04-96E6-4382-870B-0BFC115E74A8}"
EndProject
Project("{FAE04EC0-301F-11D3-BF4B-00C04F79EFBC}") = "talentX.WebScrapper.LayOff.Extensions", "talentX.WebScrapper.LayOff.Extensions\talentX.WebScrapper.LayOff.Extensions.csproj", "{6DF530B4-3480-48C5-9AD5-A83419D7A820}"
EndProject
Project("{FAE04EC0-301F-11D3-BF4B-00C04F79EFBC}") = "talentX.WebScrapper.LayOff.Utils", "talentX.WebScrapper.LayOff.Utils\talentX.WebScrapper.LayOff.Utils.csproj", "{93BE0E78-7033-4E41-8D5B-82DD64B356FC}"
EndProject
Global
	GlobalSection(SolutionConfigurationPlatforms) = preSolution
		Debug|Any CPU = Debug|Any CPU
		Release|Any CPU = Release|Any CPU
	EndGlobalSection
	GlobalSection(ProjectConfigurationPlatforms) = postSolution
		{93E4D6F0-4B3F-4835-AA12-1FE3826E6CD0}.Debug|Any CPU.ActiveCfg = Debug|Any CPU
		{93E4D6F0-4B3F-4835-AA12-1FE3826E6CD0}.Debug|Any CPU.Build.0 = Debug|Any CPU
		{93E4D6F0-4B3F-4835-AA12-1FE3826E6CD0}.Release|Any CPU.ActiveCfg = Release|Any CPU
		{93E4D6F0-4B3F-4835-AA12-1FE3826E6CD0}.Release|Any CPU.Build.0 = Release|Any CPU
		{84C0696E-3670-49E7-9BB8-7C4F5E0990A0}.Debug|Any CPU.ActiveCfg = Debug|Any CPU
		{84C0696E-3670-49E7-9BB8-7C4F5E0990A0}.Debug|Any CPU.Build.0 = Debug|Any CPU
		{84C0696E-3670-49E7-9BB8-7C4F5E0990A0}.Release|Any CPU.ActiveCfg = Release|Any CPU
		{84C0696E-3670-49E7-9BB8-7C4F5E0990A0}.Release|Any CPU.Build.0 = Release|Any CPU
		{66496B04-96E6-4382-870B-0BFC115E74A8}.Debug|Any CPU.ActiveCfg = Debug|Any CPU
		{66496B04-96E6-4382-870B-0BFC115E74A8}.Debug|Any CPU.Build.0 = Debug|Any CPU
		{66496B04-96E6-4382-870B-0BFC115E74A8}.Release|Any CPU.ActiveCfg = Release|Any CPU
		{66496B04-96E6-4382-870B-0BFC115E74A8}.Release|Any CPU.Build.0 = Release|Any CPU
		{6DF530B4-3480-48C5-9AD5-A83419D7A820}.Debug|Any CPU.ActiveCfg = Debug|Any CPU
		{6DF530B4-3480-48C5-9AD5-A83419D7A820}.Debug|Any CPU.Build.0 = Debug|Any CPU
		{6DF530B4-3480-48C5-9AD5-A83419D7A820}.Release|Any CPU.ActiveCfg = Release|Any CPU
		{6DF530B4-3480-48C5-9AD5-A83419D7A820}.Release|Any CPU.Build.0 = Release|Any CPU
		{93BE0E78-7033-4E41-8D5B-82DD64B356FC}.Debug|Any CPU.ActiveCfg = Debug|Any CPU
		{93BE0E78-7033-4E41-8D5B-82DD64B356FC}.Debug|Any CPU.Build.0 = Debug|Any CPU
		{93BE0E78-7033-4E41-8D5B-82DD64B356FC}.Release|Any CPU.ActiveCfg = Release|Any CPU
		{93BE0E78-7033-4E41-8D5B-82DD64B356FC}.Release|Any CPU.Build.0 = Release|Any CPU
	EndGlobalSection
	GlobalSection(SolutionProperties) = preSolution
		HideSolutionNode = FALSE
	EndGlobalSection
	GlobalSection(ExtensibilityGlobals) = postSolution
		SolutionGuid = {492B72CA-D51F-414E-9886-19A3126CBD1E}
	EndGlobalSection
EndGlobal
